{
  "requires": true,
  "lockfileVersion": 1,
  "dependencies": {
    "@babel/polyfill": {
      "version": "7.8.3",
      "resolved": "https://registry.npmjs.org/@babel/polyfill/-/polyfill-7.8.3.tgz",
      "integrity": "sha512-0QEgn2zkCzqGIkSWWAEmvxD7e00Nm9asTtQvi7HdlYvMhjy/J38V/1Y9ode0zEJeIuxAI0uftiAzqc7nVeWUGg==",
      "requires": {
        "core-js": "^2.6.5",
        "regenerator-runtime": "^0.13.2"
      }
    },
    "@editorjs/image": {
      "version": "2.3.3",
      "resolved": "https://registry.npmjs.org/@editorjs/image/-/image-2.3.3.tgz",
      "integrity": "sha512-IYPCGFVRYyR37m9OeoX4I5SPlMPzHtEgjHzOTeZoU749CI2a7FYVBcMT2j5xoyfDtNSjWT9LAlvPJULv3CFxgg=="
    },
    "axios": {
      "version": "0.19.2",
      "resolved": "https://registry.npmjs.org/axios/-/axios-0.19.2.tgz",
      "integrity": "sha512-fjgm5MvRHLhx+osE2xoekY70AhARk3a6hkN+3Io1jc00jtquGvxYlKlsFUhmUET0V5te6CcZI7lcv2Ym61mjHA==",
      "requires": {
        "follow-redirects": "1.5.10"
      }
    },
    "babel-polyfill": {
      "version": "6.26.0",
      "resolved": "https://registry.npmjs.org/babel-polyfill/-/babel-polyfill-6.26.0.tgz",
      "integrity": "sha1-N5k3q8Z9eJWXCtxiHyhM2WbPIVM=",
      "requires": {
        "babel-runtime": "^6.26.0",
        "core-js": "^2.5.0",
        "regenerator-runtime": "^0.10.5"
      },
      "dependencies": {
        "regenerator-runtime": {
          "version": "0.10.5",
          "resolved": "https://registry.npmjs.org/regenerator-runtime/-/regenerator-runtime-0.10.5.tgz",
          "integrity": "sha1-M2w+/BIgrc7dosn6tntaeVWjNlg="
        }
      }
    },
    "babel-runtime": {
      "version": "6.26.0",
      "resolved": "https://registry.npmjs.org/babel-runtime/-/babel-runtime-6.26.0.tgz",
      "integrity": "sha1-llxwWGaOgrVde/4E/yM3vItWR/4=",
      "requires": {
        "core-js": "^2.4.0",
        "regenerator-runtime": "^0.11.0"
      },
      "dependencies": {
        "regenerator-runtime": {
          "version": "0.11.1",
          "resolved": "https://registry.npmjs.org/regenerator-runtime/-/regenerator-runtime-0.11.1.tgz",
          "integrity": "sha512-MguG95oij0fC3QV3URf4V2SDYGJhJnJGqvIIgdECeODCT98wSWDAJ94SSuVpYQUoTcGUIL6L4yNB7j1DFFHSBg=="
        }
      }
    },
    "clone": {
      "version": "2.1.2",
      "resolved": "https://registry.npmjs.org/clone/-/clone-2.1.2.tgz",
      "integrity": "sha1-G39Ln1kfHo+DZwQBYANFoCiHQ18="
    },
    "core-js": {
      "version": "2.6.11",
      "resolved": "https://registry.npmjs.org/core-js/-/core-js-2.6.11.tgz",
      "integrity": "sha512-5wjnpaT/3dV+XB4borEsnAYQchn00XSgTAWKDkEqv+K8KevjbzmofK6hfJ9TZIlpj2N0xQpazy7PiRQiWHqzWg=="
    },
    "debounce": {
      "version": "1.2.0",
      "resolved": "https://registry.npmjs.org/debounce/-/debounce-1.2.0.tgz",
      "integrity": "sha512-mYtLl1xfZLi1m4RtQYlZgJUNQjl4ZxVnHzIR8nLLgi4q1YT8o/WM+MK/f8yfcc9s5Ir5zRaPZyZU6xs1Syoocg=="
    },
    "debug": {
      "version": "3.1.0",
      "resolved": "https://registry.npmjs.org/debug/-/debug-3.1.0.tgz",
      "integrity": "sha512-OX8XqP7/1a9cqkxYw2yXss15f26NKWBpDXQd0/uK/KPqdQhxbPa994hnzjcE2VqQpDslf55723cKPUOGSmMY3g==",
      "requires": {
        "ms": "2.0.0"
      }
    },
    "deep-equal": {
      "version": "1.1.1",
      "resolved": "https://registry.npmjs.org/deep-equal/-/deep-equal-1.1.1.tgz",
      "integrity": "sha512-yd9c5AdiqVcR+JjcwUQb9DkhJc8ngNr0MahEBGvDiJw8puWab2yZlh+nkasOnZP+EGTAP6rRp2JzJhJZzvNF8g==",
      "requires": {
        "is-arguments": "^1.0.4",
        "is-date-object": "^1.0.1",
        "is-regex": "^1.0.4",
        "object-is": "^1.0.1",
        "object-keys": "^1.1.1",
        "regexp.prototype.flags": "^1.2.0"
      }
    },
    "define-properties": {
      "version": "1.1.3",
      "resolved": "https://registry.npmjs.org/define-properties/-/define-properties-1.1.3.tgz",
      "integrity": "sha512-3MqfYKj2lLzdMSf8ZIZE/V+Zuy+BgD6f164e8K2w7dgnpKArBDerGYpM46IYYcjnkdPNMjPk9A6VFB8+3SKlXQ==",
      "requires": {
        "object-keys": "^1.0.12"
      }
    },
    "dropzone": {
      "version": "5.7.0",
      "resolved": "https://registry.npmjs.org/dropzone/-/dropzone-5.7.0.tgz",
      "integrity": "sha512-kOltiZXH5cO/72I22JjE+w6BoT6uaVLfWdFMsi1PMKFkU6BZWpqRwjnsRm0o6ANGTBuZar5Piu7m/CbKqRPiYg=="
    },
    "es-abstract": {
      "version": "1.17.4",
      "resolved": "https://registry.npmjs.org/es-abstract/-/es-abstract-1.17.4.tgz",
      "integrity": "sha512-Ae3um/gb8F0mui/jPL+QiqmglkUsaQf7FwBEHYIFkztkneosu9imhqHpBzQ3h1vit8t5iQ74t6PEVvphBZiuiQ==",
      "requires": {
        "es-to-primitive": "^1.2.1",
        "function-bind": "^1.1.1",
        "has": "^1.0.3",
        "has-symbols": "^1.0.1",
        "is-callable": "^1.1.5",
        "is-regex": "^1.0.5",
        "object-inspect": "^1.7.0",
        "object-keys": "^1.1.1",
        "object.assign": "^4.1.0",
        "string.prototype.trimleft": "^2.1.1",
        "string.prototype.trimright": "^2.1.1"
      }
    },
    "es-to-primitive": {
      "version": "1.2.1",
      "resolved": "https://registry.npmjs.org/es-to-primitive/-/es-to-primitive-1.2.1.tgz",
      "integrity": "sha512-QCOllgZJtaUo9miYBcLChTUaHNjJF3PYs1VidD7AwiEj1kYxKeQTctLAezAOH5ZKRH0g2IgPn6KwB4IT8iRpvA==",
      "requires": {
        "is-callable": "^1.1.4",
        "is-date-object": "^1.0.1",
        "is-symbol": "^1.0.2"
      }
    },
    "eventemitter3": {
      "version": "2.0.3",
      "resolved": "https://registry.npmjs.org/eventemitter3/-/eventemitter3-2.0.3.tgz",
      "integrity": "sha1-teEHm1n7XhuidxwKmTvgYKWMmbo="
    },
    "extend": {
      "version": "3.0.2",
      "resolved": "https://registry.npmjs.org/extend/-/extend-3.0.2.tgz",
      "integrity": "sha512-fjquC59cD7CyW6urNXK0FBufkZcoiGG80wTuPujX590cB5Ttln20E2UB4S/WARVqhXffZl2LNgS+gQdPIIim/g=="
    },
    "fast-diff": {
      "version": "1.1.2",
      "resolved": "https://registry.npmjs.org/fast-diff/-/fast-diff-1.1.2.tgz",
      "integrity": "sha512-KaJUt+M9t1qaIteSvjc6P3RbMdXsNhK61GRftR6SNxqmhthcd9MGIi4T+o0jD8LUSpSnSKXE20nLtJ3fOHxQig=="
    },
    "follow-redirects": {
      "version": "1.5.10",
      "resolved": "https://registry.npmjs.org/follow-redirects/-/follow-redirects-1.5.10.tgz",
      "integrity": "sha512-0V5l4Cizzvqt5D44aTXbFZz+FtyXV1vrDN6qrelxtfYQKW0KO0W2T/hkE8xvGa/540LkZlkaUjO4ailYTFtHVQ==",
      "requires": {
        "debug": "=3.1.0"
      }
    },
    "function-bind": {
      "version": "1.1.1",
      "resolved": "https://registry.npmjs.org/function-bind/-/function-bind-1.1.1.tgz",
      "integrity": "sha512-yIovAzMX49sF8Yl58fSCWJ5svSLuaibPxXQJFLmBObTuCr0Mf1KiPopGM9NiFjiYBCbfaa2Fh6breQ6ANVTI0A=="
    },
    "has": {
      "version": "1.0.3",
      "resolved": "https://registry.npmjs.org/has/-/has-1.0.3.tgz",
      "integrity": "sha512-f2dvO0VU6Oej7RkWJGrehjbzMAjFp5/VKPp5tTpWIV4JHHZK1/BxbFRtf/siA2SWTe09caDmVtYYzWEIbBS4zw==",
      "requires": {
        "function-bind": "^1.1.1"
      }
    },
    "has-symbols": {
      "version": "1.0.1",
      "resolved": "https://registry.npmjs.org/has-symbols/-/has-symbols-1.0.1.tgz",
      "integrity": "sha512-PLcsoqu++dmEIZB+6totNFKq/7Do+Z0u4oT0zKOJNl3lYK6vGwwu2hjHs+68OEZbTjiUE9bgOABXbP/GvrS0Kg=="
    },
    "is-arguments": {
      "version": "1.0.4",
      "resolved": "https://registry.npmjs.org/is-arguments/-/is-arguments-1.0.4.tgz",
      "integrity": "sha512-xPh0Rmt8NE65sNzvyUmWgI1tz3mKq74lGA0mL8LYZcoIzKOzDh6HmrYm3d18k60nHerC8A9Km8kYu87zfSFnLA=="
    },
    "is-callable": {
      "version": "1.1.5",
      "resolved": "https://registry.npmjs.org/is-callable/-/is-callable-1.1.5.tgz",
      "integrity": "sha512-ESKv5sMCJB2jnHTWZ3O5itG+O128Hsus4K4Qh1h2/cgn2vbgnLSVqfV46AeJA9D5EeeLa9w81KUXMtn34zhX+Q=="
    },
    "is-date-object": {
      "version": "1.0.2",
      "resolved": "https://registry.npmjs.org/is-date-object/-/is-date-object-1.0.2.tgz",
      "integrity": "sha512-USlDT524woQ08aoZFzh3/Z6ch9Y/EWXEHQ/AaRN0SkKq4t2Jw2R2339tSXmwuVoY7LLlBCbOIlx2myP/L5zk0g=="
    },
    "is-regex": {
      "version": "1.0.5",
      "resolved": "https://registry.npmjs.org/is-regex/-/is-regex-1.0.5.tgz",
      "integrity": "sha512-vlKW17SNq44owv5AQR3Cq0bQPEb8+kF3UKZ2fiZNOWtztYE5i0CzCZxFDwO58qAOWtxdBRVO/V5Qin1wjCqFYQ==",
      "requires": {
        "has": "^1.0.3"
      }
    },
    "is-symbol": {
      "version": "1.0.3",
      "resolved": "https://registry.npmjs.org/is-symbol/-/is-symbol-1.0.3.tgz",
      "integrity": "sha512-OwijhaRSgqvhm/0ZdAcXNZt9lYdKFpcRDT5ULUuYXPoT794UNOdU+gpT6Rzo7b4V2HUl/op6GqY894AZwv9faQ==",
      "requires": {
        "has-symbols": "^1.0.1"
      }
    },
    "ms": {
      "version": "2.0.0",
      "resolved": "https://registry.npmjs.org/ms/-/ms-2.0.0.tgz",
      "integrity": "sha1-VgiurfwAvmwpAd9fmGF4jeDVl8g="
    },
    "object-inspect": {
      "version": "1.7.0",
      "resolved": "https://registry.npmjs.org/object-inspect/-/object-inspect-1.7.0.tgz",
      "integrity": "sha512-a7pEHdh1xKIAgTySUGgLMx/xwDZskN1Ud6egYYN3EdRW4ZMPNEDUTF+hwy2LUC+Bl+SyLXANnwz/jyh/qutKUw=="
    },
    "object-is": {
      "version": "1.0.2",
      "resolved": "https://registry.npmjs.org/object-is/-/object-is-1.0.2.tgz",
      "integrity": "sha512-Epah+btZd5wrrfjkJZq1AOB9O6OxUQto45hzFd7lXGrpHPGE0W1k+426yrZV+k6NJOzLNNW/nVsmZdIWsAqoOQ=="
    },
    "object-keys": {
      "version": "1.1.1",
      "resolved": "https://registry.npmjs.org/object-keys/-/object-keys-1.1.1.tgz",
      "integrity": "sha512-NuAESUOUMrlIXOfHKzD6bpPu3tYt3xvjNdRIQ+FeT0lNb4K8WR70CaDxhuNguS2XG+GjkyMwOzsN5ZktImfhLA=="
    },
    "object.assign": {
      "version": "4.1.0",
      "resolved": "https://registry.npmjs.org/object.assign/-/object.assign-4.1.0.tgz",
      "integrity": "sha512-exHJeq6kBKj58mqGyTQ9DFvrZC/eR6OwxzoM9YRoGBqrXYonaFyGiFMuc9VZrXf7DarreEwMpurG3dd+CNyW5w==",
      "requires": {
        "define-properties": "^1.1.2",
        "function-bind": "^1.1.1",
        "has-symbols": "^1.0.0",
        "object-keys": "^1.0.11"
      }
    },
    "orderedmap": {
      "version": "1.1.1",
      "resolved": "https://registry.npmjs.org/orderedmap/-/orderedmap-1.1.1.tgz",
      "integrity": "sha512-3Ux8um0zXbVacKUkcytc0u3HgC0b0bBLT+I60r2J/En72cI0nZffqrA7Xtf2Hqs27j1g82llR5Mhbd0Z1XW4AQ=="
    },
    "parchment": {
      "version": "1.1.4",
      "resolved": "https://registry.npmjs.org/parchment/-/parchment-1.1.4.tgz",
      "integrity": "sha512-J5FBQt/pM2inLzg4hEWmzQx/8h8D0CiDxaG3vyp9rKrQRSDgBlhjdP5jQGgosEajXPSQouXGHOmVdgo7QmJuOg=="
    },
    "prosemirror-commands": {
      "version": "1.1.2",
      "resolved": "https://registry.npmjs.org/prosemirror-commands/-/prosemirror-commands-1.1.2.tgz",
      "integrity": "sha512-JBa06kjgX67d9JVUVJbCkxwvSGtQnWAN/85nq9csOMS5Z9WZLEvVDtVvZranNlu8l/XNVBWrZxOOK+pB03eTfA==",
      "requires": {
        "prosemirror-model": "^1.0.0",
        "prosemirror-state": "^1.0.0",
        "prosemirror-transform": "^1.0.0"
      }
    },
    "prosemirror-dropcursor": {
      "version": "1.3.2",
      "resolved": "https://registry.npmjs.org/prosemirror-dropcursor/-/prosemirror-dropcursor-1.3.2.tgz",
      "integrity": "sha512-4c94OUGyobGnwcQI70OXyMhE/9T4aTgjU+CHxkd5c7D+jH/J0mKM/lk+jneFVKt7+E4/M0D9HzRPifu8U28Thw==",
      "requires": {
        "prosemirror-state": "^1.0.0",
        "prosemirror-transform": "^1.1.0",
        "prosemirror-view": "^1.1.0"
      }
    },
    "prosemirror-gapcursor": {
      "version": "1.1.2",
      "resolved": "https://registry.npmjs.org/prosemirror-gapcursor/-/prosemirror-gapcursor-1.1.2.tgz",
      "integrity": "sha512-Z+eqk6RysZVxidGWN5aWoSTbn5bTHf1XZ+nQJVwUSdwdBVkfQMFdTHgfrXA8W5MhHHdNg/EEEYG3z3Zi/vE2QQ==",
      "requires": {
        "prosemirror-keymap": "^1.0.0",
        "prosemirror-model": "^1.0.0",
        "prosemirror-state": "^1.0.0",
        "prosemirror-view": "^1.0.0"
      }
    },
    "prosemirror-inputrules": {
      "version": "1.1.2",
      "resolved": "https://registry.npmjs.org/prosemirror-inputrules/-/prosemirror-inputrules-1.1.2.tgz",
      "integrity": "sha512-Ja5Z3BWestlHYGvtSGqyvxMeB8QEuBjlHM8YnKtLGUXMDp965qdDV4goV8lJb17kIWHk7e7JNj6Catuoa3302g==",
      "requires": {
        "prosemirror-state": "^1.0.0",
        "prosemirror-transform": "^1.0.0"
      }
    },
    "prosemirror-keymap": {
      "version": "1.1.3",
      "resolved": "https://registry.npmjs.org/prosemirror-keymap/-/prosemirror-keymap-1.1.3.tgz",
      "integrity": "sha512-PRA4NzkUMzV/NFf5pyQ6tmlIHiW/qjQ1kGWUlV2rF/dvlOxtpGpTEjIMhWgLuMf+HiDEFnUEP7uhYXu+t+491g==",
      "requires": {
        "prosemirror-state": "^1.0.0",
        "w3c-keyname": "^2.2.0"
      }
    },
    "prosemirror-model": {
      "version": "1.8.2",
      "resolved": "https://registry.npmjs.org/prosemirror-model/-/prosemirror-model-1.8.2.tgz",
      "integrity": "sha512-piffokzW7opZVCjf/9YaoXvTC0g7zMRWKJib1hpphPfC+4x6ZXe5CiExgycoWZJe59VxxP7uHX8aFiwg2i9mUQ==",
      "requires": {
        "orderedmap": "^1.1.0"
      }
    },
    "prosemirror-schema-list": {
      "version": "1.1.2",
      "resolved": "https://registry.npmjs.org/prosemirror-schema-list/-/prosemirror-schema-list-1.1.2.tgz",
      "integrity": "sha512-dgM9PwtM4twa5WsgSYMB+J8bwjnR43DAD3L9MsR9rKm/nZR5Y85xcjB7gusVMSsbQ2NomMZF03RE6No6mTnclQ==",
      "requires": {
        "prosemirror-model": "^1.0.0",
        "prosemirror-transform": "^1.0.0"
      }
    },
    "prosemirror-state": {
      "version": "1.3.2",
      "resolved": "https://registry.npmjs.org/prosemirror-state/-/prosemirror-state-1.3.2.tgz",
      "integrity": "sha512-t/JqE3aR0SV9QrzFVkAXsQwsgrQBNs/BDbcFH20RssW0xauqNNdjTXxy/J/kM7F+0zYi6+BRmz7cMMQQFU3mwQ==",
      "requires": {
        "prosemirror-model": "^1.0.0",
        "prosemirror-transform": "^1.0.0"
      }
    },
    "prosemirror-tables": {
      "version": "1.0.0",
      "resolved": "https://registry.npmjs.org/prosemirror-tables/-/prosemirror-tables-1.0.0.tgz",
      "integrity": "sha512-zFw5Us4G5Vdq0yIj8GiqZOGA6ud5UKpMKElux9O0HrfmhkuGa1jf1PCpz2R5pmIQJv+tIM24H1mox/ODBAX37Q==",
      "requires": {
        "prosemirror-keymap": "^1.1.2",
        "prosemirror-model": "^1.8.1",
        "prosemirror-state": "^1.3.1",
        "prosemirror-transform": "^1.2.1",
        "prosemirror-view": "^1.13.3"
      }
    },
    "prosemirror-transform": {
      "version": "1.2.3",
      "resolved": "https://registry.npmjs.org/prosemirror-transform/-/prosemirror-transform-1.2.3.tgz",
      "integrity": "sha512-PUfayeskQfuUBXktvL6207ZWRwHBFNPNPiek4fR+LgCPnBofuEb2+L0FfbNtrAwffHVs6M3DaFvJB1W2VQdV0A==",
      "requires": {
        "prosemirror-model": "^1.0.0"
      }
    },
    "prosemirror-utils": {
      "version": "0.9.6",
      "resolved": "https://registry.npmjs.org/prosemirror-utils/-/prosemirror-utils-0.9.6.tgz",
      "integrity": "sha512-UC+j9hQQ1POYfMc5p7UFxBTptRiGPR7Kkmbl3jVvU8VgQbkI89tR/GK+3QYC8n+VvBZrtAoCrJItNhWSxX3slA=="
    },
    "prosemirror-view": {
      "version": "1.13.4",
      "resolved": "https://registry.npmjs.org/prosemirror-view/-/prosemirror-view-1.13.4.tgz",
      "integrity": "sha512-mtgWEK16uYQFk3kijRlkSpAmDuy7rxYuv0pgyEBDmLT1PCPY8380CoaYnP8znUT6BXIGlJ8oTveK3M50U+B0vw==",
      "requires": {
        "prosemirror-model": "^1.1.0",
        "prosemirror-state": "^1.0.0",
        "prosemirror-transform": "^1.1.0"
      }
    },
    "quill": {
      "version": "1.3.6",
      "resolved": "https://registry.npmjs.org/quill/-/quill-1.3.6.tgz",
      "integrity": "sha512-K0mvhimWZN6s+9OQ249CH2IEPZ9JmkFuCQeHAOQax3EZ2nDJ3wfGh59mnlQaZV2i7u8eFarx6wAtvQKgShojug==",
      "requires": {
        "clone": "^2.1.1",
        "deep-equal": "^1.0.1",
        "eventemitter3": "^2.0.3",
        "extend": "^3.0.1",
        "parchment": "^1.1.4",
        "quill-delta": "^3.6.2"
      }
    },
    "quill-delta": {
      "version": "3.6.3",
      "resolved": "https://registry.npmjs.org/quill-delta/-/quill-delta-3.6.3.tgz",
      "integrity": "sha512-wdIGBlcX13tCHOXGMVnnTVFtGRLoP0imqxM696fIPwIf5ODIYUHIvHbZcyvGlZFiFhK5XzDC2lpjbxRhnM05Tg==",
      "requires": {
        "deep-equal": "^1.0.1",
        "extend": "^3.0.2",
        "fast-diff": "1.1.2"
      }
    },
    "regenerator-runtime": {
      "version": "0.13.3",
      "resolved": "https://registry.npmjs.org/regenerator-runtime/-/regenerator-runtime-0.13.3.tgz",
      "integrity": "sha512-naKIZz2GQ8JWh///G7L3X6LaQUAMp2lvb1rvwwsURe/VXwD6VMfr+/1NuNw3ag8v2kY1aQ/go5SNn79O9JU7yw=="
    },
    "regexp.prototype.flags": {
      "version": "1.3.0",
      "resolved": "https://registry.npmjs.org/regexp.prototype.flags/-/regexp.prototype.flags-1.3.0.tgz",
      "integrity": "sha512-2+Q0C5g951OlYlJz6yu5/M33IcsESLlLfsyIaLJaG4FA2r4yP8MvVMJUUP/fVBkSpbbbZlS5gynbEWLipiiXiQ==",
      "requires": {
        "define-properties": "^1.1.3",
        "es-abstract": "^1.17.0-next.1"
      }
    },
    "string.prototype.trimleft": {
      "version": "2.1.1",
      "resolved": "https://registry.npmjs.org/string.prototype.trimleft/-/string.prototype.trimleft-2.1.1.tgz",
      "integrity": "sha512-iu2AGd3PuP5Rp7x2kEZCrB2Nf41ehzh+goo8TV7z8/XDBbsvc6HQIlUl9RjkZ4oyrW1XM5UwlGl1oVEaDjg6Ag==",
      "requires": {
        "define-properties": "^1.1.3",
        "function-bind": "^1.1.1"
      }
    },
    "string.prototype.trimright": {
      "version": "2.1.1",
      "resolved": "https://registry.npmjs.org/string.prototype.trimright/-/string.prototype.trimright-2.1.1.tgz",
      "integrity": "sha512-qFvWL3/+QIgZXVmJBfpHmxLB7xsUXz6HsUmP8+5dRaC3Q7oKUv9Vo6aMCRZC1smrtyECFsIT30PqBJ1gTjAs+g==",
      "requires": {
        "define-properties": "^1.1.3",
        "function-bind": "^1.1.1"
      }
    },
    "tiptap": {
      "version": "1.26.6",
      "resolved": "https://registry.npmjs.org/tiptap/-/tiptap-1.26.6.tgz",
      "integrity": "sha512-U5qyYZi5IH7LhYwYrStRBp5MxF5MiGFLt9ogOAF/0N/LIg0XwVwe/AaSx0UH/s4dY7R8OvEa9u4qimO08Wp1LA==",
      "requires": {
        "prosemirror-commands": "1.1.2",
        "prosemirror-dropcursor": "1.3.2",
        "prosemirror-gapcursor": "1.1.2",
        "prosemirror-inputrules": "1.1.2",
        "prosemirror-keymap": "1.1.3",
        "prosemirror-model": "1.8.2",
        "prosemirror-state": "1.3.2",
        "prosemirror-view": "1.13.4",
        "tiptap-commands": "^1.12.5",
        "tiptap-utils": "^1.8.3"
      }
    },
    "tiptap-commands": {
      "version": "1.12.5",
      "resolved": "https://registry.npmjs.org/tiptap-commands/-/tiptap-commands-1.12.5.tgz",
      "integrity": "sha512-wzQCH3CL1VWy6E47Hy+9kt882w7SND+FD9e9xAAsYhG/QI0cmuvAf/8doZZhUmYwkraYeF7/2bU04IXr36t44Q==",
      "requires": {
        "prosemirror-commands": "1.1.2",
        "prosemirror-inputrules": "1.1.2",
        "prosemirror-model": "1.8.2",
        "prosemirror-schema-list": "1.1.2",
        "prosemirror-state": "1.3.2",
        "prosemirror-tables": "1.0.0",
        "prosemirror-utils": "0.9.6",
        "tiptap-utils": "^1.8.3"
      }
    },
    "tiptap-utils": {
      "version": "1.8.3",
      "resolved": "https://registry.npmjs.org/tiptap-utils/-/tiptap-utils-1.8.3.tgz",
      "integrity": "sha512-SgqDTCA5ux17KKTpEV2YC54ugBWU2jzpiFlCmVckPjYl5BhmOwuJ1Q5H/8v/XGcnHDqP31Ui4lk31Vts4NmtTA==",
      "requires": {
        "prosemirror-model": "1.8.2",
        "prosemirror-state": "1.3.2",
        "prosemirror-tables": "1.0.0",
        "prosemirror-utils": "0.9.6"
      }
    },
    "vue": {
      "version": "2.6.11",
      "resolved": "https://registry.npmjs.org/vue/-/vue-2.6.11.tgz",
      "integrity": "sha512-VfPwgcGABbGAue9+sfrD4PuwFar7gPb1yl1UK1MwXoQPAw0BKSqWfoYCT/ThFrdEVWoI51dBuyCoiNU9bZDZxQ=="
    },
    "vue-router": {
      "version": "3.1.6",
      "resolved": "https://registry.npmjs.org/vue-router/-/vue-router-3.1.6.tgz",
      "integrity": "sha512-GYhn2ynaZlysZMkFE5oCHRUTqE8BWs/a9YbKpNLi0i7xD6KG1EzDqpHQmv1F5gXjr8kL5iIVS8EOtRaVUEXTqA=="
    },
    "vue-wysiwyg": {
      "version": "1.7.2",
      "resolved": "https://registry.npmjs.org/vue-wysiwyg/-/vue-wysiwyg-1.7.2.tgz",
      "integrity": "sha512-ypj9vqmGJTuM/YYC30+vRPWm6+UizBqvNHnIJr1l6k92eHA33q5ubE+WPfij8Qr8mK+wbaCwaVBO7dQqvxzSTQ==",
      "requires": {
        "debounce": "^1.1.0",
        "vue": "^2.5.13",
        "vue2-dropzone": "^3.0.4"
      }
    },
    "vue2-dropzone": {
      "version": "3.6.0",
      "resolved": "https://registry.npmjs.org/vue2-dropzone/-/vue2-dropzone-3.6.0.tgz",
      "integrity": "sha512-YXC1nCWIZvfa98e/i6h+EshZCkFSxFEh0Sxr9ODfThAPPDVhAzLLlz/4XIx0NGO1QeSy6htwSstte47R7vVhLQ==",
      "requires": {
        "dropzone": "^5.5.1"
      }
    },
    "vuex": {
      "version": "3.1.2",
      "resolved": "https://registry.npmjs.org/vuex/-/vuex-3.1.2.tgz",
      "integrity": "sha512-ha3jNLJqNhhrAemDXcmMJMKf1Zu4sybMPr9KxJIuOpVcsDQlTBYLLladav2U+g1AvdYDG5Gs0xBTb0M5pXXYFQ=="
    },
    "w3c-keyname": {
      "version": "2.2.2",
      "resolved": "https://registry.npmjs.org/w3c-keyname/-/w3c-keyname-2.2.2.tgz",
      "integrity": "sha512-8Vs/aVwcy0IJACaPm4tyzh1fzehZE70bGSjEl3dDms5UXtWnaBElrSHC8lDDeak0Gk5jxKOFstL64/65o7Ge2A=="
    }
  }
}
